{
  "pins" : [
    {
      "identity" : "elegantcalendar",
      "kind" : "remoteSourceControl",
      "location" : "https://github.com/oblank/ElegantCalendar",
      "state" : {
        "branch" : "master",
        "revision" : "e07e7d513387c21b01964edeb8459ae14e84fa6f"
      }
    },
    {
      "identity" : "elegantpages",
      "kind" : "remoteSourceControl",
      "location" : "https://github.com/ThasianX/ElegantPages",
      "state" : {
        "revision" : "d598ce4824c40296decc84eae5b3c042d3dff842",
        "version" : "1.4.2"
      }
    }
  ],
  "version" : 2
}
